
Microsoft Visual Studio Solution File, Format Version 12.00
# Visual Studio 15
VisualStudioVersion = 15.0.28307.1500
MinimumVisualStudioVersion = 10.0.40219.1
Project("{FAE04EC0-301F-11D3-BF4B-00C04F79EFBC}") = "PadelictWebSite", "PadelictWebSite\PadelictWebSite.csproj", "{50F4D020-F27C-46C0-8533-931F297B8432}"
EndProject
Global
	GlobalSection(SolutionConfigurationPlatforms) = preSolution
		Debug|Any CPU = Debug|Any CPU
		Release|Any CPU = Release|Any CPU
	EndGlobalSection
	GlobalSection(ProjectConfigurationPlatforms) = postSolution
		{50F4D020-F27C-46C0-8533-931F297B8432}.Debug|Any CPU.ActiveCfg = Debug|Any CPU
		{50F4D020-F27C-46C0-8533-931F297B8432}.Debug|Any CPU.Build.0 = Debug|Any CPU
		{50F4D020-F27C-46C0-8533-931F297B8432}.Release|Any CPU.ActiveCfg = Release|Any CPU
		{50F4D020-F27C-46C0-8533-931F297B8432}.Release|Any CPU.Build.0 = Release|Any CPU
	EndGlobalSection
	GlobalSection(SolutionProperties) = preSolution
		HideSolutionNode = FALSE
	EndGlobalSection
	GlobalSection(ExtensibilityGlobals) = postSolution
		SolutionGuid = {C1C2DE6F-66A4-40BA-AB22-3BB9183F3BC8}
	EndGlobalSection
EndGlobal
